
Microsoft Visual Studio Solution File, Format Version 12.00
# Visual Studio Version 17
VisualStudioVersion = 17.13.35828.75 d17.13
MinimumVisualStudioVersion = 10.0.40219.1
Project("{FAE04EC0-301F-11D3-BF4B-00C04F79EFBC}") = "CarConnect", "CarConnect\CarConnect.csproj", "{FADBE5E7-5F36-4397-8BE5-0C976FAB6614}"
EndProject
Global
	GlobalSection(SolutionConfigurationPlatforms) = preSolution
		Debug|Any CPU = Debug|Any CPU
		Release|Any CPU = Release|Any CPU
	EndGlobalSection
	GlobalSection(ProjectConfigurationPlatforms) = postSolution
		{FADBE5E7-5F36-4397-8BE5-0C976FAB6614}.Debug|Any CPU.ActiveCfg = Debug|Any CPU
		{FADBE5E7-5F36-4397-8BE5-0C976FAB6614}.Debug|Any CPU.Build.0 = Debug|Any CPU
		{FADBE5E7-5F36-4397-8BE5-0C976FAB6614}.Release|Any CPU.ActiveCfg = Release|Any CPU
		{FADBE5E7-5F36-4397-8BE5-0C976FAB6614}.Release|Any CPU.Build.0 = Release|Any CPU
	EndGlobalSection
	GlobalSection(SolutionProperties) = preSolution
		HideSolutionNode = FALSE
	EndGlobalSection
	GlobalSection(ExtensibilityGlobals) = postSolution
		SolutionGuid = {35A4E6F6-8638-4019-95DC-295854412E15}
	EndGlobalSection
EndGlobal
